
Microsoft Visual Studio Solution File, Format Version 12.00
Project("{FAE04EC0-301F-11D3-BF4B-00C04F79EFBC}") = "PalindromeGenerator", "PalindromeGenerator.csproj", "{CED0AE17-9108-4835-805C-AFE5505BFB0A}"
EndProject
Global
	GlobalSection(SolutionConfigurationPlatforms) = preSolution
		Debug|Any CPU = Debug|Any CPU
		Release|Any CPU = Release|Any CPU
	EndGlobalSection
	GlobalSection(ProjectConfigurationPlatforms) = postSolution
		{CED0AE17-9108-4835-805C-AFE5505BFB0A}.Debug|Any CPU.ActiveCfg = Debug|Any CPU
		{CED0AE17-9108-4835-805C-AFE5505BFB0A}.Debug|Any CPU.Build.0 = Debug|Any CPU
		{CED0AE17-9108-4835-805C-AFE5505BFB0A}.Release|Any CPU.ActiveCfg = Release|Any CPU
		{CED0AE17-9108-4835-805C-AFE5505BFB0A}.Release|Any CPU.Build.0 = Release|Any CPU
	EndGlobalSection
EndGlobal
